// !$*UTF8*$!
{
	archiveVersion = 1;
	classes = {
	};
	objectVersion = 77;
	objects = {

/* Begin PBXBuildFile section */
		B53E072D2FB58AC1000EB601 /* RealmSwift in Frameworks */ = {isa = PBXBuildFile; productRef = B53E07362FB56F5E000EB601 /* RealmSwift */; };
		B53E072E2FB58AC1000EB601 /* SnapshotTesting in Frameworks */ = {isa = PBXBuildFile; productRef = B53E07372FB56F5E000EB601 /* SnapshotTesting */; };
		B53E07902FB58AC1000EB601 /* RealmSwift in Embed Frameworks */ = {isa = PBXBuildFile; productRef = B53E07362FB56F5E000EB601 /* RealmSwift */; settings = {ATTRIBUTES = (CodeSignOnCopy, RemoveHeadersOnCopy, ); }; };
/* End PBXBuildFile section */

/* Begin PBXContainerItemProxy section */
		B53E07112FB56F5E000EB601 /* PBXContainerItemProxy */ = {
			isa = PBXContainerItemProxy;
			containerPortal = B53E06FB2FB56F5B000EB601 /* Project object */;
			proxyType = 1;
			remoteGlobalIDString = B53E07022FB56F5B000EB601;
			remoteInfo = StartKit;
		};
		B53E071B2FB56F5E000EB601 /* PBXContainerItemProxy */ = {
			isa = PBXContainerItemProxy;
			containerPortal = B53E06FB2FB56F5B000EB601 /* Project object */;
			proxyType = 1;
			remoteGlobalIDString = B53E07022FB56F5B000EB601;
			remoteInfo = StartKit;
		};
/* End PBXContainerItemProxy section */

/* Begin PBXCopyFilesBuildPhase section */
		B53E07912FB58AC1000EB601 /* Embed Frameworks */ = {
			isa = PBXCopyFilesBuildPhase;
			buildActionMask = 2147483647;
			dstPath = "";
			dstSubfolderSpec = 10;
			files = (
				B53E07902FB58AC1000EB601 /* RealmSwift in Embed Frameworks */,
			);
			name = "Embed Frameworks";
			runOnlyForDeploymentPostprocessing = 0;
		};
/* End PBXCopyFilesBuildPhase section */

/* Begin PBXFileReference section */
		B53E07032FB56F5B000EB601 /* StartKit.app */ = {isa = PBXFileReference; explicitFileType = wrapper.application; includeInIndex = 0; path = StartKit.app; sourceTree = BUILT_PRODUCTS_DIR; };
		B53E07102FB56F5E000EB601 /* StartKitTests.xctest */ = {isa = PBXFileReference; explicitFileType = wrapper.cfbundle; includeInIndex = 0; path = StartKitTests.xctest; sourceTree = BUILT_PRODUCTS_DIR; };
		B53E071A2FB56F5E000EB601 /* StartKitUITests.xctest */ = {isa = PBXFileReference; explicitFileType = wrapper.cfbundle; includeInIndex = 0; path = StartKitUITests.xctest; sourceTree = BUILT_PRODUCTS_DIR; };
/* End PBXFileReference section */

/* Begin PBXFileSystemSynchronizedRootGroup section */
		B53E07052FB56F5B000EB601 /* StartKit */ = {
			isa = PBXFileSystemSynchronizedRootGroup;
			path = StartKit;
			sourceTree = "<group>";
		};
		B53E07132FB56F5E000EB601 /* StartKitTests */ = {
			isa = PBXFileSystemSynchronizedRootGroup;
			path = StartKitTests;
			sourceTree = "<group>";
		};
		B53E071D2FB56F5E000EB601 /* StartKitUITests */ = {
			isa = PBXFileSystemSynchronizedRootGroup;
			path = StartKitUITests;
			sourceTree = "<group>";
		};
/* End PBXFileSystemSynchronizedRootGroup section */

/* Begin PBXFrameworksBuildPhase section */
		B53E07002FB56F5B000EB601 /* Frameworks */ = {
			isa = PBXFrameworksBuildPhase;
			buildActionMask = 2147483647;
			files = (
				B53E072D2FB58AC1000EB601 /* RealmSwift in Frameworks */,
			);
			runOnlyForDeploymentPostprocessing = 0;
		};
		B53E070D2FB56F5E000EB601 /* Frameworks */ = {
			isa = PBXFrameworksBuildPhase;
			buildActionMask = 2147483647;
			files = (
				B53E072E2FB58AC1000EB601 /* SnapshotTesting in Frameworks */,
			);
			runOnlyForDeploymentPostprocessing = 0;
		};
		B53E07172FB56F5E000EB601 /* Frameworks */ = {
			isa = PBXFrameworksBuildPhase;
			buildActionMask = 2147483647;
			files = (
			);
			runOnlyForDeploymentPostprocessing = 0;
		};
/* End PBXFrameworksBuildPhase section */

/* Begin PBXGroup section */
		B53E06FA2FB56F5B000EB601 = {
			isa = PBXGroup;
			children = (
				B53E07052FB56F5B000EB601 /* StartKit */,
				B53E07132FB56F5E000EB601 /* StartKitTests */,
				B53E071D2FB56F5E000EB601 /* StartKitUITests */,
				B53E07042FB56F5B000EB601 /* Products */,
			);
			sourceTree = "<group>";
		};
		B53E07042FB56F5B000EB601 /* Products */ = {
			isa = PBXGroup;
			children = (
				B53E07032FB56F5B000EB601 /* StartKit.app */,
				B53E07102FB56F5E000EB601 /* StartKitTests.xctest */,
				B53E071A2FB56F5E000EB601 /* StartKitUITests.xctest */,
			);
			name = Products;
			sourceTree = "<group>";
		};
/* End PBXGroup section */

/* Begin PBXNativeTarget section */
		B53E07022FB56F5B000EB601 /* StartKit */ = {
			isa = PBXNativeTarget;
			buildConfigurationList = B53E07242FB56F5E000EB601 /* Build configuration list for PBXNativeTarget "StartKit" */;
			buildPhases = (
				B53E06FF2FB56F5B000EB601 /* Sources */,
				B53E07002FB56F5B000EB601 /* Frameworks */,
				B53E07912FB58AC1000EB601 /* Embed Frameworks */,
				B53E07012FB56F5B000EB601 /* Resources */,
			);
			buildRules = (
			);
			dependencies = (
			);
			fileSystemSynchronizedGroups = (
				B53E07052FB56F5B000EB601 /* StartKit */,
			);
			name = StartKit;
			packageProductDependencies = (
				B53E07362FB56F5E000EB601 /* RealmSwift */,
			);
			productName = StartKit;
			productReference = B53E07032FB56F5B000EB601 /* StartKit.app */;
			productType = "com.apple.product-type.application";
		};
		B53E070F2FB56F5E000EB601 /* StartKitTests */ = {
			isa = PBXNativeTarget;
			buildConfigurationList = B53E07272FB56F5E000EB601 /* Build configuration list for PBXNativeTarget "StartKitTests" */;
			buildPhases = (
				B53E070C2FB56F5E000EB601 /* Sources */,
				B53E070D2FB56F5E000EB601 /* Frameworks */,
				B53E070E2FB56F5E000EB601 /* Resources */,
			);
			buildRules = (
			);
			dependencies = (
				B53E07122FB56F5E000EB601 /* PBXTargetDependency */,
			);
			fileSystemSynchronizedGroups = (
				B53E07132FB56F5E000EB601 /* StartKitTests */,
			);
			name = StartKitTests;
			packageProductDependencies = (
				B53E07372FB56F5E000EB601 /* SnapshotTesting */,
			);
			productName = StartKitTests;
			productReference = B53E07102FB56F5E000EB601 /* StartKitTests.xctest */;
			productType = "com.apple.product-type.bundle.unit-test";
		};
		B53E07192FB56F5E000EB601 /* StartKitUITests */ = {
			isa = PBXNativeTarget;
			buildConfigurationList = B53E072A2FB56F5E000EB601 /* Build configuration list for PBXNativeTarget "StartKitUITests" */;
			buildPhases = (
				B53E07162FB56F5E000EB601 /* Sources */,
				B53E07172FB56F5E000EB601 /* Frameworks */,
				B53E07182FB56F5E000EB601 /* Resources */,
			);
			buildRules = (
			);
			dependencies = (
				B53E071C2FB56F5E000EB601 /* PBXTargetDependency */,
			);
			fileSystemSynchronizedGroups = (
				B53E071D2FB56F5E000EB601 /* StartKitUITests */,
			);
			name = StartKitUITests;
			packageProductDependencies = (
			);
			productName = StartKitUITests;
			productReference = B53E071A2FB56F5E000EB601 /* StartKitUITests.xctest */;
			productType = "com.apple.product-type.bundle.ui-testing";
		};
/* End PBXNativeTarget section */

/* Begin PBXProject section */
		B53E06FB2FB56F5B000EB601 /* Project object */ = {
			isa = PBXProject;
			attributes = {
				BuildIndependentTargetsInParallel = 1;
				LastSwiftUpdateCheck = 1640;
				LastUpgradeCheck = 1640;
				TargetAttributes = {
					B53E07022FB56F5B000EB601 = {
						CreatedOnToolsVersion = 16.4;
					};
					B53E070F2FB56F5E000EB601 = {
						CreatedOnToolsVersion = 16.4;
						TestTargetID = B53E07022FB56F5B000EB601;
					};
					B53E07192FB56F5E000EB601 = {
						CreatedOnToolsVersion = 16.4;
						TestTargetID = B53E07022FB56F5B000EB601;
					};
				};
			};
			buildConfigurationList = B53E06FE2FB56F5B000EB601 /* Build configuration list for PBXProject "StartKit" */;
			developmentRegion = en;
			hasScannedForEncodings = 0;
			knownRegions = (
				en,
				Base,
			);
			mainGroup = B53E06FA2FB56F5B000EB601;
			minimizedProjectReferenceProxies = 1;
			packageReferences = (
				B53E07342FB56F5E000EB601 /* XCRemoteSwiftPackageReference "realm-swift" */,
				B53E07352FB56F5E000EB601 /* XCRemoteSwiftPackageReference "swift-snapshot-testing" */,
			);
			preferredProjectObjectVersion = 77;
			productRefGroup = B53E07042FB56F5B000EB601 /* Products */;
			projectDirPath = "";
			projectRoot = "";
			targets = (
				B53E07022FB56F5B000EB601 /* StartKit */,
				B53E070F2FB56F5E000EB601 /* StartKitTests */,
				B53E07192FB56F5E000EB601 /* StartKitUITests */,
			);
		};
/* End PBXProject section */

/* Begin PBXResourcesBuildPhase section */
		B53E07012FB56F5B000EB601 /* Resources */ = {
			isa = PBXResourcesBuildPhase;
			buildActionMask = 2147483647;
			files = (
			);
			runOnlyForDeploymentPostprocessing = 0;
		};
		B53E070E2FB56F5E000EB601 /* Resources */ = {
			isa = PBXResourcesBuildPhase;
			buildActionMask = 2147483647;
			files = (
			);
			runOnlyForDeploymentPostprocessing = 0;
		};
		B53E07182FB56F5E000EB601 /* Resources */ = {
			isa = PBXResourcesBuildPhase;
			buildActionMask = 2147483647;
			files = (
			);
			runOnlyForDeploymentPostprocessing = 0;
		};
/* End PBXResourcesBuildPhase section */

/* Begin PBXSourcesBuildPhase section */
		B53E06FF2FB56F5B000EB601 /* Sources */ = {
			isa = PBXSourcesBuildPhase;
			buildActionMask = 2147483647;
			files = (
			);
			runOnlyForDeploymentPostprocessing = 0;
		};
		B53E070C2FB56F5E000EB601 /* Sources */ = {
			isa = PBXSourcesBuildPhase;
			buildActionMask = 2147483647;
			files = (
			);
			runOnlyForDeploymentPostprocessing = 0;
		};
		B53E07162FB56F5E000EB601 /* Sources */ = {
			isa = PBXSourcesBuildPhase;
			buildActionMask = 2147483647;
			files = (
			);
			runOnlyForDeploymentPostprocessing = 0;
		};
/* End PBXSourcesBuildPhase section */

/* Begin PBXTargetDependency section */
		B53E07122FB56F5E000EB601 /* PBXTargetDependency */ = {
			isa = PBXTargetDependency;
			target = B53E07022FB56F5B000EB601 /* StartKit */;
			targetProxy = B53E07112FB56F5E000EB601 /* PBXContainerItemProxy */;
		};
		B53E071C2FB56F5E000EB601 /* PBXTargetDependency */ = {
			isa = PBXTargetDependency;
			target = B53E07022FB56F5B000EB601 /* StartKit */;
			targetProxy = B53E071B2FB56F5E000EB601 /* PBXContainerItemProxy */;
		};
/* End PBXTargetDependency section */

/* Begin XCBuildConfiguration section */
		B53E07222FB56F5E000EB601 /* Debug */ = {
			isa = XCBuildConfiguration;
			buildSettings = {
				ALWAYS_SEARCH_USER_PATHS = NO;
				ASSETCATALOG_COMPILER_GENERATE_SWIFT_ASSET_SYMBOL_EXTENSIONS = YES;
				CLANG_ANALYZER_NONNULL = YES;
				CLANG_ANALYZER_NUMBER_OBJECT_CONVERSION = YES_AGGRESSIVE;
				CLANG_CXX_LANGUAGE_STANDARD = "gnu++20";
				CLANG_ENABLE_MODULES = YES;
				CLANG_ENABLE_OBJC_ARC = YES;
				CLANG_ENABLE_OBJC_WEAK = YES;
				CLANG_WARN_BLOCK_CAPTURE_AUTORELEASING = YES;
				CLANG_WARN_BOOL_CONVERSION = YES;
				CLANG_WARN_COMMA = YES;
				CLANG_WARN_CONSTANT_CONVERSION = YES;
				CLANG_WARN_DEPRECATED_OBJC_IMPLEMENTATIONS = YES;
				CLANG_WARN_DIRECT_OBJC_ISA_USAGE = YES_ERROR;
				CLANG_WARN_DOCUMENTATION_COMMENTS = YES;
				CLANG_WARN_EMPTY_BODY = YES;
				CLANG_WARN_ENUM_CONVERSION = YES;
				CLANG_WARN_INFINITE_RECURSION = YES;
				CLANG_WARN_INT_CONVERSION = YES;
				CLANG_WARN_NON_LITERAL_NULL_CONVERSION = YES;
				CLANG_WARN_OBJC_IMPLICIT_RETAIN_SELF = YES;
				CLANG_WARN_OBJC_LITERAL_CONVERSION = YES;
				CLANG_WARN_OBJC_ROOT_CLASS = YES_ERROR;
				CLANG_WARN_QUOTED_INCLUDE_IN_FRAMEWORK_HEADER = YES;
				CLANG_WARN_RANGE_LOOP_ANALYSIS = YES;
				CLANG_WARN_STRICT_PROTOTYPES = YES;
				CLANG_WARN_SUSPICIOUS_MOVE = YES;
				CLANG_WARN_UNGUARDED_AVAILABILITY = YES_AGGRESSIVE;
				CLANG_WARN_UNREACHABLE_CODE = YES;
				CLANG_WARN__DUPLICATE_METHOD_MATCH = YES;
				COPY_PHASE_STRIP = NO;
				DEBUG_INFORMATION_FORMAT = dwarf;
				DEVELOPMENT_TEAM = 3GD7U6DTVJ;
				ENABLE_STRICT_OBJC_MSGSEND = YES;
				ENABLE_TESTABILITY = YES;
				ENABLE_USER_SCRIPT_SANDBOXING = YES;
				GCC_C_LANGUAGE_STANDARD = gnu17;
				GCC_DYNAMIC_NO_PIC = NO;
				GCC_NO_COMMON_BLOCKS = YES;
				GCC_OPTIMIZATION_LEVEL = 0;
				GCC_PREPROCESSOR_DEFINITIONS = (
					"DEBUG=1",
					"$(inherited)",
				);
				GCC_WARN_64_TO_32_BIT_CONVERSION = YES;
				GCC_WARN_ABOUT_RETURN_TYPE = YES_ERROR;
				GCC_WARN_UNDECLARED_SELECTOR = YES;
				GCC_WARN_UNINITIALIZED_AUTOS = YES_AGGRESSIVE;
				GCC_WARN_UNUSED_FUNCTION = YES;
				GCC_WARN_UNUSED_VARIABLE = YES;
				IPHONEOS_DEPLOYMENT_TARGET = 26.0;
				LOCALIZATION_PREFERS_STRING_CATALOGS = YES;
				MTL_ENABLE_DEBUG_INFO = INCLUDE_SOURCE;
				MTL_FAST_MATH = YES;
				ONLY_ACTIVE_ARCH = YES;
				SDKROOT = iphoneos;
				SWIFT_ACTIVE_COMPILATION_CONDITIONS = "DEBUG $(inherited)";
				SWIFT_OPTIMIZATION_LEVEL = "-Onone";
			};
			name = Debug;
		};
		B53E07232FB56F5E000EB601 /* Release */ = {
			isa = XCBuildConfiguration;
			buildSettings = {
				ALWAYS_SEARCH_USER_PATHS = NO;
				ASSETCATALOG_COMPILER_GENERATE_SWIFT_ASSET_SYMBOL_EXTENSIONS = YES;
				CLANG_ANALYZER_NONNULL = YES;
				CLANG_ANALYZER_NUMBER_OBJECT_CONVERSION = YES_AGGRESSIVE;
				CLANG_CXX_LANGUAGE_STANDARD = "gnu++20";
				CLANG_ENABLE_MODULES = YES;
				CLANG_ENABLE_OBJC_ARC = YES;
				CLANG_ENABLE_OBJC_WEAK = YES;
				CLANG_WARN_BLOCK_CAPTURE_AUTORELEASING = YES;
				CLANG_WARN_BOOL_CONVERSION = YES;
				CLANG_WARN_COMMA = YES;
				CLANG_WARN_CONSTANT_CONVERSION = YES;
				CLANG_WARN_DEPRECATED_OBJC_IMPLEMENTATIONS = YES;
				CLANG_WARN_DIRECT_OBJC_ISA_USAGE = YES_ERROR;
				CLANG_WARN_DOCUMENTATION_COMMENTS = YES;
				CLANG_WARN_EMPTY_BODY = YES;
				CLANG_WARN_ENUM_CONVERSION = YES;
				CLANG_WARN_INFINITE_RECURSION = YES;
				CLANG_WARN_INT_CONVERSION = YES;
				CLANG_WARN_NON_LITERAL_NULL_CONVERSION = YES;
				CLANG_WARN_OBJC_IMPLICIT_RETAIN_SELF = YES;
				CLANG_WARN_OBJC_LITERAL_CONVERSION = YES;
				CLANG_WARN_OBJC_ROOT_CLASS = YES_ERROR;
				CLANG_WARN_QUOTED_INCLUDE_IN_FRAMEWORK_HEADER = YES;
				CLANG_WARN_RANGE_LOOP_ANALYSIS = YES;
				CLANG_WARN_STRICT_PROTOTYPES = YES;
				CLANG_WARN_SUSPICIOUS_MOVE = YES;
				CLANG_WARN_UNGUARDED_AVAILABILITY = YES_AGGRESSIVE;
				CLANG_WARN_UNREACHABLE_CODE = YES;
				CLANG_WARN__DUPLICATE_METHOD_MATCH = YES;
				COPY_PHASE_STRIP = NO;
				DEBUG_INFORMATION_FORMAT = "dwarf-with-dsym";
				DEVELOPMENT_TEAM = 3GD7U6DTVJ;
				ENABLE_NS_ASSERTIONS = NO;
				ENABLE_STRICT_OBJC_MSGSEND = YES;
				ENABLE_USER_SCRIPT_SANDBOXING = YES;
				GCC_C_LANGUAGE_STANDARD = gnu17;
				GCC_NO_COMMON_BLOCKS = YES;
				GCC_WARN_64_TO_32_BIT_CONVERSION = YES;
				GCC_WARN_ABOUT_RETURN_TYPE = YES_ERROR;
				GCC_WARN_UNDECLARED_SELECTOR = YES;
				GCC_WARN_UNINITIALIZED_AUTOS = YES_AGGRESSIVE;
				GCC_WARN_UNUSED_FUNCTION = YES;
				GCC_WARN_UNUSED_VARIABLE = YES;
				IPHONEOS_DEPLOYMENT_TARGET = 26.0;
				LOCALIZATION_PREFERS_STRING_CATALOGS = YES;
				MTL_ENABLE_DEBUG_INFO = NO;
				MTL_FAST_MATH = YES;
				SDKROOT = iphoneos;
				SWIFT_COMPILATION_MODE = wholemodule;
				VALIDATE_PRODUCT = YES;
			};
			name = Release;
		};
		B53E07252FB56F5E000EB601 /* Debug */ = {
			isa = XCBuildConfiguration;
			buildSettings = {
				ASSETCATALOG_COMPILER_APPICON_NAME = AppIcon;
				ASSETCATALOG_COMPILER_GLOBAL_ACCENT_COLOR_NAME = AccentColor;
				CODE_SIGN_STYLE = Automatic;
				CURRENT_PROJECT_VERSION = 1;
				DEVELOPMENT_TEAM = 3GD7U6DTVJ;
				ENABLE_DEBUG_DYLIB = NO;
				ENABLE_PREVIEWS = YES;
				GENERATE_INFOPLIST_FILE = YES;
				INFOPLIST_KEY_UIApplicationSceneManifest_Generation = YES;
				INFOPLIST_KEY_UIApplicationSupportsIndirectInputEvents = YES;
				INFOPLIST_KEY_UILaunchScreen_Generation = YES;
				INFOPLIST_KEY_UISupportedInterfaceOrientations_iPhone = UIInterfaceOrientationPortrait;
				IPHONEOS_DEPLOYMENT_TARGET = 18.0;
				LD_RUNPATH_SEARCH_PATHS = (
					"$(inherited)",
					"@executable_path/Frameworks",
				);
				MARKETING_VERSION = 1.0;
				PRODUCT_BUNDLE_IDENTIFIER = minhsn.personal.StartKit;
				PRODUCT_NAME = "$(TARGET_NAME)";
				SWIFT_EMIT_LOC_STRINGS = YES;
				SWIFT_STRICT_CONCURRENCY = complete;
				SWIFT_VERSION = 6.0;
				TARGETED_DEVICE_FAMILY = 1;
			};
			name = Debug;
		};
		B53E07262FB56F5E000EB601 /* Release */ = {
			isa = XCBuildConfiguration;
			buildSettings = {
				ASSETCATALOG_COMPILER_APPICON_NAME = AppIcon;
				ASSETCATALOG_COMPILER_GLOBAL_ACCENT_COLOR_NAME = AccentColor;
				CODE_SIGN_STYLE = Automatic;
				CURRENT_PROJECT_VERSION = 1;
				DEVELOPMENT_TEAM = 3GD7U6DTVJ;
				ENABLE_DEBUG_DYLIB = NO;
				ENABLE_PREVIEWS = YES;
				GENERATE_INFOPLIST_FILE = YES;
				INFOPLIST_KEY_UIApplicationSceneManifest_Generation = YES;
				INFOPLIST_KEY_UIApplicationSupportsIndirectInputEvents = YES;
				INFOPLIST_KEY_UILaunchScreen_Generation = YES;
				INFOPLIST_KEY_UISupportedInterfaceOrientations_iPhone = UIInterfaceOrientationPortrait;
				IPHONEOS_DEPLOYMENT_TARGET = 18.0;
				LD_RUNPATH_SEARCH_PATHS = (
					"$(inherited)",
					"@executable_path/Frameworks",
				);
				MARKETING_VERSION = 1.0;
				PRODUCT_BUNDLE_IDENTIFIER = minhsn.personal.StartKit;
				PRODUCT_NAME = "$(TARGET_NAME)";
				SWIFT_EMIT_LOC_STRINGS = YES;
				SWIFT_STRICT_CONCURRENCY = complete;
				SWIFT_VERSION = 6.0;
				TARGETED_DEVICE_FAMILY = 1;
			};
			name = Release;
		};
		B53E07282FB56F5E000EB601 /* Debug */ = {
			isa = XCBuildConfiguration;
			buildSettings = {
				BUNDLE_LOADER = "$(TEST_HOST)";
				CODE_SIGN_STYLE = Automatic;
				CURRENT_PROJECT_VERSION = 1;
				DEVELOPMENT_TEAM = 3GD7U6DTVJ;
				GENERATE_INFOPLIST_FILE = YES;
				IPHONEOS_DEPLOYMENT_TARGET = 18.0;
				MARKETING_VERSION = 1.0;
				PRODUCT_BUNDLE_IDENTIFIER = minhsn.personal.StartKitTests;
				PRODUCT_NAME = "$(TARGET_NAME)";
				SWIFT_EMIT_LOC_STRINGS = NO;
				SWIFT_STRICT_CONCURRENCY = complete;
				SWIFT_VERSION = 6.0;
				TARGETED_DEVICE_FAMILY = 1;
				TEST_HOST = "$(BUILT_PRODUCTS_DIR)/StartKit.app/$(BUNDLE_EXECUTABLE_FOLDER_PATH)/StartKit";
			};
			name = Debug;
		};
		B53E07292FB56F5E000EB601 /* Release */ = {
			isa = XCBuildConfiguration;
			buildSettings = {
				BUNDLE_LOADER = "$(TEST_HOST)";
				CODE_SIGN_STYLE = Automatic;
				CURRENT_PROJECT_VERSION = 1;
				DEVELOPMENT_TEAM = 3GD7U6DTVJ;
				GENERATE_INFOPLIST_FILE = YES;
				IPHONEOS_DEPLOYMENT_TARGET = 18.0;
				MARKETING_VERSION = 1.0;
				PRODUCT_BUNDLE_IDENTIFIER = minhsn.personal.StartKitTests;
				PRODUCT_NAME = "$(TARGET_NAME)";
				SWIFT_EMIT_LOC_STRINGS = NO;
				SWIFT_STRICT_CONCURRENCY = complete;
				SWIFT_VERSION = 6.0;
				TARGETED_DEVICE_FAMILY = 1;
				TEST_HOST = "$(BUILT_PRODUCTS_DIR)/StartKit.app/$(BUNDLE_EXECUTABLE_FOLDER_PATH)/StartKit";
			};
			name = Release;
		};
		B53E072B2FB56F5E000EB601 /* Debug */ = {
			isa = XCBuildConfiguration;
			buildSettings = {
				CODE_SIGN_STYLE = Automatic;
				CURRENT_PROJECT_VERSION = 1;
				DEVELOPMENT_TEAM = 3GD7U6DTVJ;
				GENERATE_INFOPLIST_FILE = YES;
				IPHONEOS_DEPLOYMENT_TARGET = 18.0;
				MARKETING_VERSION = 1.0;
				PRODUCT_BUNDLE_IDENTIFIER = minhsn.personal.StartKitUITests;
				PRODUCT_NAME = "$(TARGET_NAME)";
				SWIFT_EMIT_LOC_STRINGS = NO;
				SWIFT_STRICT_CONCURRENCY = complete;
				SWIFT_VERSION = 6.0;
				TARGETED_DEVICE_FAMILY = 1;
				TEST_TARGET_NAME = StartKit;
			};
			name = Debug;
		};
		B53E072C2FB56F5E000EB601 /* Release */ = {
			isa = XCBuildConfiguration;
			buildSettings = {
				CODE_SIGN_STYLE = Automatic;
				CURRENT_PROJECT_VERSION = 1;
				DEVELOPMENT_TEAM = 3GD7U6DTVJ;
				GENERATE_INFOPLIST_FILE = YES;
				IPHONEOS_DEPLOYMENT_TARGET = 18.0;
				MARKETING_VERSION = 1.0;
				PRODUCT_BUNDLE_IDENTIFIER = minhsn.personal.StartKitUITests;
				PRODUCT_NAME = "$(TARGET_NAME)";
				SWIFT_EMIT_LOC_STRINGS = NO;
				SWIFT_STRICT_CONCURRENCY = complete;
				SWIFT_VERSION = 6.0;
				TARGETED_DEVICE_FAMILY = 1;
				TEST_TARGET_NAME = StartKit;
			};
			name = Release;
		};
/* End XCBuildConfiguration section */

/* Begin XCConfigurationList section */
		B53E06FE2FB56F5B000EB601 /* Build configuration list for PBXProject "StartKit" */ = {
			isa = XCConfigurationList;
			buildConfigurations = (
				B53E07222FB56F5E000EB601 /* Debug */,
				B53E07232FB56F5E000EB601 /* Release */,
			);
			defaultConfigurationIsVisible = 0;
			defaultConfigurationName = Release;
		};
		B53E07242FB56F5E000EB601 /* Build configuration list for PBXNativeTarget "StartKit" */ = {
			isa = XCConfigurationList;
			buildConfigurations = (
				B53E07252FB56F5E000EB601 /* Debug */,
				B53E07262FB56F5E000EB601 /* Release */,
			);
			defaultConfigurationIsVisible = 0;
			defaultConfigurationName = Release;
		};
		B53E07272FB56F5E000EB601 /* Build configuration list for PBXNativeTarget "StartKitTests" */ = {
			isa = XCConfigurationList;
			buildConfigurations = (
				B53E07282FB56F5E000EB601 /* Debug */,
				B53E07292FB56F5E000EB601 /* Release */,
			);
			defaultConfigurationIsVisible = 0;
			defaultConfigurationName = Release;
		};
		B53E072A2FB56F5E000EB601 /* Build configuration list for PBXNativeTarget "StartKitUITests" */ = {
			isa = XCConfigurationList;
			buildConfigurations = (
				B53E072B2FB56F5E000EB601 /* Debug */,
				B53E072C2FB56F5E000EB601 /* Release */,
			);
			defaultConfigurationIsVisible = 0;
			defaultConfigurationName = Release;
		};
/* End XCConfigurationList section */

/* Begin XCRemoteSwiftPackageReference section */
		B53E07342FB56F5E000EB601 /* XCRemoteSwiftPackageReference "realm-swift" */ = {
			isa = XCRemoteSwiftPackageReference;
			repositoryURL = "https://github.com/realm/realm-swift.git";
			requirement = {
				kind = upToNextMajorVersion;
				minimumVersion = 10.54.0;
			};
		};
		B53E07352FB56F5E000EB601 /* XCRemoteSwiftPackageReference "swift-snapshot-testing" */ = {
			isa = XCRemoteSwiftPackageReference;
			repositoryURL = "https://github.com/pointfreeco/swift-snapshot-testing.git";
			requirement = {
				kind = upToNextMajorVersion;
				minimumVersion = 1.17.0;
			};
		};
/* End XCRemoteSwiftPackageReference section */

/* Begin XCSwiftPackageProductDependency section */
		B53E07362FB56F5E000EB601 /* RealmSwift */ = {
			isa = XCSwiftPackageProductDependency;
			package = B53E07342FB56F5E000EB601 /* XCRemoteSwiftPackageReference "realm-swift" */;
			productName = RealmSwift;
		};
		B53E07372FB56F5E000EB601 /* SnapshotTesting */ = {
			isa = XCSwiftPackageProductDependency;
			package = B53E07352FB56F5E000EB601 /* XCRemoteSwiftPackageReference "swift-snapshot-testing" */;
			productName = SnapshotTesting;
		};
/* End XCSwiftPackageProductDependency section */
	};
	rootObject = B53E06FB2FB56F5B000EB601 /* Project object */;
}
